// !$*UTF8*$!
{
	archiveVersion = 1;
	classes = {
	};
	objectVersion = 50;
	objects = {

/* Begin PBXBuildFile section */
		93CDE7932638F3FB00D63DA7 /* AppDelegate.swift in Sources */ = {isa = PBXBuildFile; fileRef = 93CDE7922638F3FB00D63DA7 /* AppDelegate.swift */; };
		93CDE7952638F3FB00D63DA7 /* SceneDelegate.swift in Sources */ = {isa = PBXBuildFile; fileRef = 93CDE7942638F3FB00D63DA7 /* SceneDelegate.swift */; };
		93CDE7972638F3FB00D63DA7 /* ViewController.swift in Sources */ = {isa = PBXBuildFile; fileRef = 93CDE7962638F3FB00D63DA7 /* ViewController.swift */; };
		93CDE79A2638F3FB00D63DA7 /* Main.storyboard in Resources */ = {isa = PBXBuildFile; fileRef = 93CDE7982638F3FB00D63DA7 /* Main.storyboard */; };
		93CDE79C2638F3FC00D63DA7 /* Assets.xcassets in Resources */ = {isa = PBXBuildFile; fileRef = 93CDE79B2638F3FC00D63DA7 /* Assets.xcassets */; };
		93CDE79F2638F3FC00D63DA7 /* LaunchScreen.storyboard in Resources */ = {isa = PBXBuildFile; fileRef = 93CDE79D2638F3FC00D63DA7 /* LaunchScreen.storyboard */; };
		93CDE7AA2638F3FC00D63DA7 /* AssessmentRound1TechBaseTests.swift in Sources */ = {isa = PBXBuildFile; fileRef = 93CDE7A92638F3FC00D63DA7 /* AssessmentRound1TechBaseTests.swift */; };
		93CDE7B52638F3FC00D63DA7 /* AssessmentRound1TechBaseUITests.swift in Sources */ = {isa = PBXBuildFile; fileRef = 93CDE7B42638F3FC00D63DA7 /* AssessmentRound1TechBaseUITests.swift */; };
/* End PBXBuildFile section */

/* Begin PBXContainerItemProxy section */
		93CDE7A62638F3FC00D63DA7 /* PBXContainerItemProxy */ = {
			isa = PBXContainerItemProxy;
			containerPortal = 93CDE7872638F3FB00D63DA7 /* Project object */;
			proxyType = 1;
			remoteGlobalIDString = 93CDE78E2638F3FB00D63DA7;
			remoteInfo = AssessmentRound1TechBase;
		};
		93CDE7B12638F3FC00D63DA7 /* PBXContainerItemProxy */ = {
			isa = PBXContainerItemProxy;
			containerPortal = 93CDE7872638F3FB00D63DA7 /* Project object */;
			proxyType = 1;
			remoteGlobalIDString = 93CDE78E2638F3FB00D63DA7;
			remoteInfo = AssessmentRound1TechBase;
		};
/* End PBXContainerItemProxy section */

/* Begin PBXFileReference section */
		93CDE78F2638F3FB00D63DA7 /* AssessmentRound1TechBase.app */ = {isa = PBXFileReference; explicitFileType = wrapper.application; includeInIndex = 0; path = AssessmentRound1TechBase.app; sourceTree = BUILT_PRODUCTS_DIR; };
		93CDE7922638F3FB00D63DA7 /* AppDelegate.swift */ = {isa = PBXFileReference; lastKnownFileType = sourcecode.swift; path = AppDelegate.swift; sourceTree = "<group>"; };
		93CDE7942638F3FB00D63DA7 /* SceneDelegate.swift */ = {isa = PBXFileReference; lastKnownFileType = sourcecode.swift; path = SceneDelegate.swift; sourceTree = "<group>"; };
		93CDE7962638F3FB00D63DA7 /* ViewController.swift */ = {isa = PBXFileReference; lastKnownFileType = sourcecode.swift; path = ViewController.swift; sourceTree = "<group>"; };
		93CDE7992638F3FB00D63DA7 /* Base */ = {isa = PBXFileReference; lastKnownFileType = file.storyboard; name = Base; path = Base.lproj/Main.storyboard; sourceTree = "<group>"; };
		93CDE79B2638F3FC00D63DA7 /* Assets.xcassets */ = {isa = PBXFileReference; lastKnownFileType = folder.assetcatalog; path = Assets.xcassets; sourceTree = "<group>"; };
		93CDE79E2638F3FC00D63DA7 /* Base */ = {isa = PBXFileReference; lastKnownFileType = file.storyboard; name = Base; path = Base.lproj/LaunchScreen.storyboard; sourceTree = "<group>"; };
		93CDE7A02638F3FC00D63DA7 /* Info.plist */ = {isa = PBXFileReference; lastKnownFileType = text.plist.xml; path = Info.plist; sourceTree = "<group>"; };
		93CDE7A52638F3FC00D63DA7 /* AssessmentRound1TechBaseTests.xctest */ = {isa = PBXFileReference; explicitFileType = wrapper.cfbundle; includeInIndex = 0; path = AssessmentRound1TechBaseTests.xctest; sourceTree = BUILT_PRODUCTS_DIR; };
		93CDE7A92638F3FC00D63DA7 /* AssessmentRound1TechBaseTests.swift */ = {isa = PBXFileReference; lastKnownFileType = sourcecode.swift; path = AssessmentRound1TechBaseTests.swift; sourceTree = "<group>"; };
		93CDE7AB2638F3FC00D63DA7 /* Info.plist */ = {isa = PBXFileReference; lastKnownFileType = text.plist.xml; path = Info.plist; sourceTree = "<group>"; };
		93CDE7B02638F3FC00D63DA7 /* AssessmentRound1TechBaseUITests.xctest */ = {isa = PBXFileReference; explicitFileType = wrapper.cfbundle; includeInIndex = 0; path = AssessmentRound1TechBaseUITests.xctest; sourceTree = BUILT_PRODUCTS_DIR; };
		93CDE7B42638F3FC00D63DA7 /* AssessmentRound1TechBaseUITests.swift */ = {isa = PBXFileReference; lastKnownFileType = sourcecode.swift; path = AssessmentRound1TechBaseUITests.swift; sourceTree = "<group>"; };
		93CDE7B62638F3FC00D63DA7 /* Info.plist */ = {isa = PBXFileReference; lastKnownFileType = text.plist.xml; path = Info.plist; sourceTree = "<group>"; };
/* End PBXFileReference section */

/* Begin PBXFrameworksBuildPhase section */
		93CDE78C2638F3FB00D63DA7 /* Frameworks */ = {
			isa = PBXFrameworksBuildPhase;
			buildActionMask = 2147483647;
			files = (
			);
			runOnlyForDeploymentPostprocessing = 0;
		};
		93CDE7A22638F3FC00D63DA7 /* Frameworks */ = {
			isa = PBXFrameworksBuildPhase;
			buildActionMask = 2147483647;
			files = (
			);
			runOnlyForDeploymentPostprocessing = 0;
		};
		93CDE7AD2638F3FC00D63DA7 /* Frameworks */ = {
			isa = PBXFrameworksBuildPhase;
			buildActionMask = 2147483647;
			files = (
			);
			runOnlyForDeploymentPostprocessing = 0;
		};
/* End PBXFrameworksBuildPhase section */

/* Begin PBXGroup section */
		93CDE7862638F3FB00D63DA7 = {
			isa = PBXGroup;
			children = (
				93CDE7912638F3FB00D63DA7 /* AssessmentRound1TechBase */,
				93CDE7A82638F3FC00D63DA7 /* AssessmentRound1TechBaseTests */,
				93CDE7B32638F3FC00D63DA7 /* AssessmentRound1TechBaseUITests */,
				93CDE7902638F3FB00D63DA7 /* Products */,
			);
			sourceTree = "<group>";
		};
		93CDE7902638F3FB00D63DA7 /* Products */ = {
			isa = PBXGroup;
			children = (
				93CDE78F2638F3FB00D63DA7 /* AssessmentRound1TechBase.app */,
				93CDE7A52638F3FC00D63DA7 /* AssessmentRound1TechBaseTests.xctest */,
				93CDE7B02638F3FC00D63DA7 /* AssessmentRound1TechBaseUITests.xctest */,
			);
			name = Products;
			sourceTree = "<group>";
		};
		93CDE7912638F3FB00D63DA7 /* AssessmentRound1TechBase */ = {
			isa = PBXGroup;
			children = (
				93CDE7922638F3FB00D63DA7 /* AppDelegate.swift */,
				93CDE7942638F3FB00D63DA7 /* SceneDelegate.swift */,
				93CDE7962638F3FB00D63DA7 /* ViewController.swift */,
				93CDE7982638F3FB00D63DA7 /* Main.storyboard */,
				93CDE79B2638F3FC00D63DA7 /* Assets.xcassets */,
				93CDE79D2638F3FC00D63DA7 /* LaunchScreen.storyboard */,
				93CDE7A02638F3FC00D63DA7 /* Info.plist */,
			);
			path = AssessmentRound1TechBase;
			sourceTree = "<group>";
		};
		93CDE7A82638F3FC00D63DA7 /* AssessmentRound1TechBaseTests */ = {
			isa = PBXGroup;
			children = (
				93CDE7A92638F3FC00D63DA7 /* AssessmentRound1TechBaseTests.swift */,
				93CDE7AB2638F3FC00D63DA7 /* Info.plist */,
			);
			path = AssessmentRound1TechBaseTests;
			sourceTree = "<group>";
		};
		93CDE7B32638F3FC00D63DA7 /* AssessmentRound1TechBaseUITests */ = {
			isa = PBXGroup;
			children = (
				93CDE7B42638F3FC00D63DA7 /* AssessmentRound1TechBaseUITests.swift */,
				93CDE7B62638F3FC00D63DA7 /* Info.plist */,
			);
			path = AssessmentRound1TechBaseUITests;
			sourceTree = "<group>";
		};
/* End PBXGroup section */

/* Begin PBXNativeTarget section */
		93CDE78E2638F3FB00D63DA7 /* AssessmentRound1TechBase */ = {
			isa = PBXNativeTarget;
			buildConfigurationList = 93CDE7B92638F3FC00D63DA7 /* Build configuration list for PBXNativeTarget "AssessmentRound1TechBase" */;
			buildPhases = (
				93CDE78B2638F3FB00D63DA7 /* Sources */,
				93CDE78C2638F3FB00D63DA7 /* Frameworks */,
				93CDE78D2638F3FB00D63DA7 /* Resources */,
			);
			buildRules = (
			);
			dependencies = (
			);
			name = AssessmentRound1TechBase;
			productName = AssessmentRound1TechBase;
			productReference = 93CDE78F2638F3FB00D63DA7 /* AssessmentRound1TechBase.app */;
			productType = "com.apple.product-type.application";
		};
		93CDE7A42638F3FC00D63DA7 /* AssessmentRound1TechBaseTests */ = {
			isa = PBXNativeTarget;
			buildConfigurationList = 93CDE7BC2638F3FC00D63DA7 /* Build configuration list for PBXNativeTarget "AssessmentRound1TechBaseTests" */;
			buildPhases = (
				93CDE7A12638F3FC00D63DA7 /* Sources */,
				93CDE7A22638F3FC00D63DA7 /* Frameworks */,
				93CDE7A32638F3FC00D63DA7 /* Resources */,
			);
			buildRules = (
			);
			dependencies = (
				93CDE7A72638F3FC00D63DA7 /* PBXTargetDependency */,
			);
			name = AssessmentRound1TechBaseTests;
			productName = AssessmentRound1TechBaseTests;
			productReference = 93CDE7A52638F3FC00D63DA7 /* AssessmentRound1TechBaseTests.xctest */;
			productType = "com.apple.product-type.bundle.unit-test";
		};
		93CDE7AF2638F3FC00D63DA7 /* AssessmentRound1TechBaseUITests */ = {
			isa = PBXNativeTarget;
			buildConfigurationList = 93CDE7BF2638F3FC00D63DA7 /* Build configuration list for PBXNativeTarget "AssessmentRound1TechBaseUITests" */;
			buildPhases = (
				93CDE7AC2638F3FC00D63DA7 /* Sources */,
				93CDE7AD2638F3FC00D63DA7 /* Frameworks */,
				93CDE7AE2638F3FC00D63DA7 /* Resources */,
			);
			buildRules = (
			);
			dependencies = (
				93CDE7B22638F3FC00D63DA7 /* PBXTargetDependency */,
			);
			name = AssessmentRound1TechBaseUITests;
			productName = AssessmentRound1TechBaseUITests;
			productReference = 93CDE7B02638F3FC00D63DA7 /* AssessmentRound1TechBaseUITests.xctest */;
			productType = "com.apple.product-type.bundle.ui-testing";
		};
/* End PBXNativeTarget section */

/* Begin PBXProject section */
		93CDE7872638F3FB00D63DA7 /* Project object */ = {
			isa = PBXProject;
			attributes = {
				LastSwiftUpdateCheck = 1120;
				LastUpgradeCheck = 1120;
				ORGANIZATIONNAME = Azibai;
				TargetAttributes = {
					93CDE78E2638F3FB00D63DA7 = {
						CreatedOnToolsVersion = 11.2.1;
					};
					93CDE7A42638F3FC00D63DA7 = {
						CreatedOnToolsVersion = 11.2.1;
						TestTargetID = 93CDE78E2638F3FB00D63DA7;
					};
					93CDE7AF2638F3FC00D63DA7 = {
						CreatedOnToolsVersion = 11.2.1;
						TestTargetID = 93CDE78E2638F3FB00D63DA7;
					};
				};
			};
			buildConfigurationList = 93CDE78A2638F3FB00D63DA7 /* Build configuration list for PBXProject "AssessmentRound1TechBase" */;
			compatibilityVersion = "Xcode 9.3";
			developmentRegion = en;
			hasScannedForEncodings = 0;
			knownRegions = (
				en,
				Base,
			);
			mainGroup = 93CDE7862638F3FB00D63DA7;
			productRefGroup = 93CDE7902638F3FB00D63DA7 /* Products */;
			projectDirPath = "";
			projectRoot = "";
			targets = (
				93CDE78E2638F3FB00D63DA7 /* AssessmentRound1TechBase */,
				93CDE7A42638F3FC00D63DA7 /* AssessmentRound1TechBaseTests */,
				93CDE7AF2638F3FC00D63DA7 /* AssessmentRound1TechBaseUITests */,
			);
		};
/* End PBXProject section */

/* Begin PBXResourcesBuildPhase section */
		93CDE78D2638F3FB00D63DA7 /* Resources */ = {
			isa = PBXResourcesBuildPhase;
			buildActionMask = 2147483647;
			files = (
				93CDE79F2638F3FC00D63DA7 /* LaunchScreen.storyboard in Resources */,
				93CDE79C2638F3FC00D63DA7 /* Assets.xcassets in Resources */,
				93CDE79A2638F3FB00D63DA7 /* Main.storyboard in Resources */,
			);
			runOnlyForDeploymentPostprocessing = 0;
		};
		93CDE7A32638F3FC00D63DA7 /* Resources */ = {
			isa = PBXResourcesBuildPhase;
			buildActionMask = 2147483647;
			files = (
			);
			runOnlyForDeploymentPostprocessing = 0;
		};
		93CDE7AE2638F3FC00D63DA7 /* Resources */ = {
			isa = PBXResourcesBuildPhase;
			buildActionMask = 2147483647;
			files = (
			);
			runOnlyForDeploymentPostprocessing = 0;
		};
/* End PBXResourcesBuildPhase section */

/* Begin PBXSourcesBuildPhase section */
		93CDE78B2638F3FB00D63DA7 /* Sources */ = {
			isa = PBXSourcesBuildPhase;
			buildActionMask = 2147483647;
			files = (
				93CDE7972638F3FB00D63DA7 /* ViewController.swift in Sources */,
				93CDE7932638F3FB00D63DA7 /* AppDelegate.swift in Sources */,
				93CDE7952638F3FB00D63DA7 /* SceneDelegate.swift in Sources */,
			);
			runOnlyForDeploymentPostprocessing = 0;
		};
		93CDE7A12638F3FC00D63DA7 /* Sources */ = {
			isa = PBXSourcesBuildPhase;
			buildActionMask = 2147483647;
			files = (
				93CDE7AA2638F3FC00D63DA7 /* AssessmentRound1TechBaseTests.swift in Sources */,
			);
			runOnlyForDeploymentPostprocessing = 0;
		};
		93CDE7AC2638F3FC00D63DA7 /* Sources */ = {
			isa = PBXSourcesBuildPhase;
			buildActionMask = 2147483647;
			files = (
				93CDE7B52638F3FC00D63DA7 /* AssessmentRound1TechBaseUITests.swift in Sources */,
			);
			runOnlyForDeploymentPostprocessing = 0;
		};
/* End PBXSourcesBuildPhase section */

/* Begin PBXTargetDependency section */
		93CDE7A72638F3FC00D63DA7 /* PBXTargetDependency */ = {
			isa = PBXTargetDependency;
			target = 93CDE78E2638F3FB00D63DA7 /* AssessmentRound1TechBase */;
			targetProxy = 93CDE7A62638F3FC00D63DA7 /* PBXContainerItemProxy */;
		};
		93CDE7B22638F3FC00D63DA7 /* PBXTargetDependency */ = {
			isa = PBXTargetDependency;
			target = 93CDE78E2638F3FB00D63DA7 /* AssessmentRound1TechBase */;
			targetProxy = 93CDE7B12638F3FC00D63DA7 /* PBXContainerItemProxy */;
		};
/* End PBXTargetDependency section */

/* Begin PBXVariantGroup section */
		93CDE7982638F3FB00D63DA7 /* Main.storyboard */ = {
			isa = PBXVariantGroup;
			children = (
				93CDE7992638F3FB00D63DA7 /* Base */,
			);
			name = Main.storyboard;
			sourceTree = "<group>";
		};
		93CDE79D2638F3FC00D63DA7 /* LaunchScreen.storyboard */ = {
			isa = PBXVariantGroup;
			children = (
				93CDE79E2638F3FC00D63DA7 /* Base */,
			);
			name = LaunchScreen.storyboard;
			sourceTree = "<group>";
		};
/* End PBXVariantGroup section */

/* Begin XCBuildConfiguration section */
		93CDE7B72638F3FC00D63DA7 /* Debug */ = {
			isa = XCBuildConfiguration;
			buildSettings = {
				ALWAYS_SEARCH_USER_PATHS = NO;
				CLANG_ANALYZER_NONNULL = YES;
				CLANG_ANALYZER_NUMBER_OBJECT_CONVERSION = YES_AGGRESSIVE;
				CLANG_CXX_LANGUAGE_STANDARD = "gnu++14";
				CLANG_CXX_LIBRARY = "libc++";
				CLANG_ENABLE_MODULES = YES;
				CLANG_ENABLE_OBJC_ARC = YES;
				CLANG_ENABLE_OBJC_WEAK = YES;
				CLANG_WARN_BLOCK_CAPTURE_AUTORELEASING = YES;
				CLANG_WARN_BOOL_CONVERSION = YES;
				CLANG_WARN_COMMA = YES;
				CLANG_WARN_CONSTANT_CONVERSION = YES;
				CLANG_WARN_DEPRECATED_OBJC_IMPLEMENTATIONS = YES;
				CLANG_WARN_DIRECT_OBJC_ISA_USAGE = YES_ERROR;
				CLANG_WARN_DOCUMENTATION_COMMENTS = YES;
				CLANG_WARN_EMPTY_BODY = YES;
				CLANG_WARN_ENUM_CONVERSION = YES;
				CLANG_WARN_INFINITE_RECURSION = YES;
				CLANG_WARN_INT_CONVERSION = YES;
				CLANG_WARN_NON_LITERAL_NULL_CONVERSION = YES;
				CLANG_WARN_OBJC_IMPLICIT_RETAIN_SELF = YES;
				CLANG_WARN_OBJC_LITERAL_CONVERSION = YES;
				CLANG_WARN_OBJC_ROOT_CLASS = YES_ERROR;
				CLANG_WARN_RANGE_LOOP_ANALYSIS = YES;
				CLANG_WARN_STRICT_PROTOTYPES = YES;
				CLANG_WARN_SUSPICIOUS_MOVE = YES;
				CLANG_WARN_UNGUARDED_AVAILABILITY = YES_AGGRESSIVE;
				CLANG_WARN_UNREACHABLE_CODE = YES;
				CLANG_WARN__DUPLICATE_METHOD_MATCH = YES;
				COPY_PHASE_STRIP = NO;
				DEBUG_INFORMATION_FORMAT = dwarf;
				ENABLE_STRICT_OBJC_MSGSEND = YES;
				ENABLE_TESTABILITY = YES;
				GCC_C_LANGUAGE_STANDARD = gnu11;
				GCC_DYNAMIC_NO_PIC = NO;
				GCC_NO_COMMON_BLOCKS = YES;
				GCC_OPTIMIZATION_LEVEL = 0;
				GCC_PREPROCESSOR_DEFINITIONS = (
					"DEBUG=1",
					"$(inherited)",
				);
				GCC_WARN_64_TO_32_BIT_CONVERSION = YES;
				GCC_WARN_ABOUT_RETURN_TYPE = YES_ERROR;
				GCC_WARN_UNDECLARED_SELECTOR = YES;
				GCC_WARN_UNINITIALIZED_AUTOS = YES_AGGRESSIVE;
				GCC_WARN_UNUSED_FUNCTION = YES;
				GCC_WARN_UNUSED_VARIABLE = YES;
				IPHONEOS_DEPLOYMENT_TARGET = 13.2;
				MTL_ENABLE_DEBUG_INFO = INCLUDE_SOURCE;
				MTL_FAST_MATH = YES;
				ONLY_ACTIVE_ARCH = YES;
				SDKROOT = iphoneos;
				SWIFT_ACTIVE_COMPILATION_CONDITIONS = DEBUG;
				SWIFT_OPTIMIZATION_LEVEL = "-Onone";
			};
			name = Debug;
		};
		93CDE7B82638F3FC00D63DA7 /* Release */ = {
			isa = XCBuildConfiguration;
			buildSettings = {
				ALWAYS_SEARCH_USER_PATHS = NO;
				CLANG_ANALYZER_NONNULL = YES;
				CLANG_ANALYZER_NUMBER_OBJECT_CONVERSION = YES_AGGRESSIVE;
				CLANG_CXX_LANGUAGE_STANDARD = "gnu++14";
				CLANG_CXX_LIBRARY = "libc++";
				CLANG_ENABLE_MODULES = YES;
				CLANG_ENABLE_OBJC_ARC = YES;
				CLANG_ENABLE_OBJC_WEAK = YES;
				CLANG_WARN_BLOCK_CAPTURE_AUTORELEASING = YES;
				CLANG_WARN_BOOL_CONVERSION = YES;
				CLANG_WARN_COMMA = YES;
				CLANG_WARN_CONSTANT_CONVERSION = YES;
				CLANG_WARN_DEPRECATED_OBJC_IMPLEMENTATIONS = YES;
				CLANG_WARN_DIRECT_OBJC_ISA_USAGE = YES_ERROR;
				CLANG_WARN_DOCUMENTATION_COMMENTS = YES;
				CLANG_WARN_EMPTY_BODY = YES;
				CLANG_WARN_ENUM_CONVERSION = YES;
				CLANG_WARN_INFINITE_RECURSION = YES;
				CLANG_WARN_INT_CONVERSION = YES;
				CLANG_WARN_NON_LITERAL_NULL_CONVERSION = YES;
				CLANG_WARN_OBJC_IMPLICIT_RETAIN_SELF = YES;
				CLANG_WARN_OBJC_LITERAL_CONVERSION = YES;
				CLANG_WARN_OBJC_ROOT_CLASS = YES_ERROR;
				CLANG_WARN_RANGE_LOOP_ANALYSIS = YES;
				CLANG_WARN_STRICT_PROTOTYPES = YES;
				CLANG_WARN_SUSPICIOUS_MOVE = YES;
				CLANG_WARN_UNGUARDED_AVAILABILITY = YES_AGGRESSIVE;
				CLANG_WARN_UNREACHABLE_CODE = YES;
				CLANG_WARN__DUPLICATE_METHOD_MATCH = YES;
				COPY_PHASE_STRIP = NO;
				DEBUG_INFORMATION_FORMAT = "dwarf-with-dsym";
				ENABLE_NS_ASSERTIONS = NO;
				ENABLE_STRICT_OBJC_MSGSEND = YES;
				GCC_C_LANGUAGE_STANDARD = gnu11;
				GCC_NO_COMMON_BLOCKS = YES;
				GCC_WARN_64_TO_32_BIT_CONVERSION = YES;
				GCC_WARN_ABOUT_RETURN_TYPE = YES_ERROR;
				GCC_WARN_UNDECLARED_SELECTOR = YES;
				GCC_WARN_UNINITIALIZED_AUTOS = YES_AGGRESSIVE;
				GCC_WARN_UNUSED_FUNCTION = YES;
				GCC_WARN_UNUSED_VARIABLE = YES;
				IPHONEOS_DEPLOYMENT_TARGET = 13.2;
				MTL_ENABLE_DEBUG_INFO = NO;
				MTL_FAST_MATH = YES;
				SDKROOT = iphoneos;
				SWIFT_COMPILATION_MODE = wholemodule;
				SWIFT_OPTIMIZATION_LEVEL = "-O";
				VALIDATE_PRODUCT = YES;
			};
			name = Release;
		};
		93CDE7BA2638F3FC00D63DA7 /* Debug */ = {
			isa = XCBuildConfiguration;
			buildSettings = {
				ASSETCATALOG_COMPILER_APPICON_NAME = AppIcon;
				CODE_SIGN_STYLE = Automatic;
				INFOPLIST_FILE = AssessmentRound1TechBase/Info.plist;
				LD_RUNPATH_SEARCH_PATHS = (
					"$(inherited)",
					"@executable_path/Frameworks",
				);
				PRODUCT_BUNDLE_IDENTIFIER = com.techbaseTest.hieu.AssessmentRound1TechBase;
				PRODUCT_NAME = "$(TARGET_NAME)";
				SWIFT_VERSION = 5.0;
				TARGETED_DEVICE_FAMILY = "1,2";
			};
			name = Debug;
		};
		93CDE7BB2638F3FC00D63DA7 /* Release */ = {
			isa = XCBuildConfiguration;
			buildSettings = {
				ASSETCATALOG_COMPILER_APPICON_NAME = AppIcon;
				CODE_SIGN_STYLE = Automatic;
				INFOPLIST_FILE = AssessmentRound1TechBase/Info.plist;
				LD_RUNPATH_SEARCH_PATHS = (
					"$(inherited)",
					"@executable_path/Frameworks",
				);
				PRODUCT_BUNDLE_IDENTIFIER = com.techbaseTest.hieu.AssessmentRound1TechBase;
				PRODUCT_NAME = "$(TARGET_NAME)";
				SWIFT_VERSION = 5.0;
				TARGETED_DEVICE_FAMILY = "1,2";
			};
			name = Release;
		};
		93CDE7BD2638F3FC00D63DA7 /* Debug */ = {
			isa = XCBuildConfiguration;
			buildSettings = {
				ALWAYS_EMBED_SWIFT_STANDARD_LIBRARIES = YES;
				BUNDLE_LOADER = "$(TEST_HOST)";
				CODE_SIGN_STYLE = Automatic;
				INFOPLIST_FILE = AssessmentRound1TechBaseTests/Info.plist;
				IPHONEOS_DEPLOYMENT_TARGET = 13.2;
				LD_RUNPATH_SEARCH_PATHS = (
					"$(inherited)",
					"@executable_path/Frameworks",
					"@loader_path/Frameworks",
				);
				PRODUCT_BUNDLE_IDENTIFIER = com.techbaseTest.hieu.AssessmentRound1TechBaseTests;
				PRODUCT_NAME = "$(TARGET_NAME)";
				SWIFT_VERSION = 5.0;
				TARGETED_DEVICE_FAMILY = "1,2";
				TEST_HOST = "$(BUILT_PRODUCTS_DIR)/AssessmentRound1TechBase.app/AssessmentRound1TechBase";
			};
			name = Debug;
		};
		93CDE7BE2638F3FC00D63DA7 /* Release */ = {
			isa = XCBuildConfiguration;
			buildSettings = {
				ALWAYS_EMBED_SWIFT_STANDARD_LIBRARIES = YES;
				BUNDLE_LOADER = "$(TEST_HOST)";
				CODE_SIGN_STYLE = Automatic;
				INFOPLIST_FILE = AssessmentRound1TechBaseTests/Info.plist;
				IPHONEOS_DEPLOYMENT_TARGET = 13.2;
				LD_RUNPATH_SEARCH_PATHS = (
					"$(inherited)",
					"@executable_path/Frameworks",
					"@loader_path/Frameworks",
				);
				PRODUCT_BUNDLE_IDENTIFIER = com.techbaseTest.hieu.AssessmentRound1TechBaseTests;
				PRODUCT_NAME = "$(TARGET_NAME)";
				SWIFT_VERSION = 5.0;
				TARGETED_DEVICE_FAMILY = "1,2";
				TEST_HOST = "$(BUILT_PRODUCTS_DIR)/AssessmentRound1TechBase.app/AssessmentRound1TechBase";
			};
			name = Release;
		};
		93CDE7C02638F3FC00D63DA7 /* Debug */ = {
			isa = XCBuildConfiguration;
			buildSettings = {
				ALWAYS_EMBED_SWIFT_STANDARD_LIBRARIES = YES;
				CODE_SIGN_STYLE = Automatic;
				INFOPLIST_FILE = AssessmentRound1TechBaseUITests/Info.plist;
				LD_RUNPATH_SEARCH_PATHS = (
					"$(inherited)",
					"@executable_path/Frameworks",
					"@loader_path/Frameworks",
				);
				PRODUCT_BUNDLE_IDENTIFIER = com.techbaseTest.hieu.AssessmentRound1TechBaseUITests;
				PRODUCT_NAME = "$(TARGET_NAME)";
				SWIFT_VERSION = 5.0;
				TARGETED_DEVICE_FAMILY = "1,2";
				TEST_TARGET_NAME = AssessmentRound1TechBase;
			};
			name = Debug;
		};
		93CDE7C12638F3FC00D63DA7 /* Release */ = {
			isa = XCBuildConfiguration;
			buildSettings = {
				ALWAYS_EMBED_SWIFT_STANDARD_LIBRARIES = YES;
				CODE_SIGN_STYLE = Automatic;
				INFOPLIST_FILE = AssessmentRound1TechBaseUITests/Info.plist;
				LD_RUNPATH_SEARCH_PATHS = (
					"$(inherited)",
					"@executable_path/Frameworks",
					"@loader_path/Frameworks",
				);
				PRODUCT_BUNDLE_IDENTIFIER = com.techbaseTest.hieu.AssessmentRound1TechBaseUITests;
				PRODUCT_NAME = "$(TARGET_NAME)";
				SWIFT_VERSION = 5.0;
				TARGETED_DEVICE_FAMILY = "1,2";
				TEST_TARGET_NAME = AssessmentRound1TechBase;
			};
			name = Release;
		};
/* End XCBuildConfiguration section */

/* Begin XCConfigurationList section */
		93CDE78A2638F3FB00D63DA7 /* Build configuration list for PBXProject "AssessmentRound1TechBase" */ = {
			isa = XCConfigurationList;
			buildConfigurations = (
				93CDE7B72638F3FC00D63DA7 /* Debug */,
				93CDE7B82638F3FC00D63DA7 /* Release */,
			);
			defaultConfigurationIsVisible = 0;
			defaultConfigurationName = Release;
		};
		93CDE7B92638F3FC00D63DA7 /* Build configuration list for PBXNativeTarget "AssessmentRound1TechBase" */ = {
			isa = XCConfigurationList;
			buildConfigurations = (
				93CDE7BA2638F3FC00D63DA7 /* Debug */,
				93CDE7BB2638F3FC00D63DA7 /* Release */,
			);
			defaultConfigurationIsVisible = 0;
			defaultConfigurationName = Release;
		};
		93CDE7BC2638F3FC00D63DA7 /* Build configuration list for PBXNativeTarget "AssessmentRound1TechBaseTests" */ = {
			isa = XCConfigurationList;
			buildConfigurations = (
				93CDE7BD2638F3FC00D63DA7 /* Debug */,
				93CDE7BE2638F3FC00D63DA7 /* Release */,
			);
			defaultConfigurationIsVisible = 0;
			defaultConfigurationName = Release;
		};
		93CDE7BF2638F3FC00D63DA7 /* Build configuration list for PBXNativeTarget "AssessmentRound1TechBaseUITests" */ = {
			isa = XCConfigurationList;
			buildConfigurations = (
				93CDE7C02638F3FC00D63DA7 /* Debug */,
				93CDE7C12638F3FC00D63DA7 /* Release */,
			);
			defaultConfigurationIsVisible = 0;
			defaultConfigurationName = Release;
		};
/* End XCConfigurationList section */
	};
	rootObject = 93CDE7872638F3FB00D63DA7 /* Project object */;
}
